github.com/elastic/go-elasticsearch/v7 v7.17.0 h1:0fcSh4qeC/i1+7QU1KXpmq2iUAdMk4l0/vmbtW1+KJM=
github.com/elastic/go-elasticsearch/v7 v7.17.0/go.mod h1:OJ4wdbtDNk5g503kvlHLyErCgQwwzmDtaFC4XyOxXA4=
github.com/go-chi/chi/v5 v5.0.7 h1:rDTPXLDHGATaeHvVlLcR4Qe0zftYethFucbjVQ1PxU8=
github.com/go-chi/chi/v5 v5.0.7/go.mod h1:DslCQbL2OYiznFReuXYUmQ2hGd1aDpCnlMNITLSKoi8=
